
Microsoft Visual Studio Solution File, Format Version 12.00
# Visual Studio Version 17
VisualStudioVersion = 17.0.31710.8
MinimumVisualStudioVersion = 10.0.40219.1
Project("{54A90642-561A-4BB1-A94E-469ADEE60C69}") = "ProjectPower", "ProjectPower\ProjectPower.esproj", "{8A01C94E-239F-466A-8346-DB1286B555FC}"
EndProject
Project("{9092AA53-FB77-4645-B42D-1CCCA6BD08BD}") = "ProjectPowerBackend", "ProjectPowerBackend\ProjectPowerBackend.njsproj", "{45CDE6CB-00F8-4118-8F1C-3AFC7F921AD2}"
EndProject
Global
	GlobalSection(SolutionConfigurationPlatforms) = preSolution
		Debug|Any CPU = Debug|Any CPU
		Release|Any CPU = Release|Any CPU
	EndGlobalSection
	GlobalSection(ProjectConfigurationPlatforms) = postSolution
		{8A01C94E-239F-466A-8346-DB1286B555FC}.Debug|Any CPU.ActiveCfg = Debug|Any CPU
		{8A01C94E-239F-466A-8346-DB1286B555FC}.Debug|Any CPU.Build.0 = Debug|Any CPU
		{8A01C94E-239F-466A-8346-DB1286B555FC}.Debug|Any CPU.Deploy.0 = Debug|Any CPU
		{8A01C94E-239F-466A-8346-DB1286B555FC}.Release|Any CPU.ActiveCfg = Release|Any CPU
		{8A01C94E-239F-466A-8346-DB1286B555FC}.Release|Any CPU.Build.0 = Release|Any CPU
		{8A01C94E-239F-466A-8346-DB1286B555FC}.Release|Any CPU.Deploy.0 = Release|Any CPU
		{45CDE6CB-00F8-4118-8F1C-3AFC7F921AD2}.Debug|Any CPU.ActiveCfg = Debug|Any CPU
		{45CDE6CB-00F8-4118-8F1C-3AFC7F921AD2}.Debug|Any CPU.Build.0 = Debug|Any CPU
		{45CDE6CB-00F8-4118-8F1C-3AFC7F921AD2}.Release|Any CPU.ActiveCfg = Release|Any CPU
		{45CDE6CB-00F8-4118-8F1C-3AFC7F921AD2}.Release|Any CPU.Build.0 = Release|Any CPU
	EndGlobalSection
	GlobalSection(SolutionProperties) = preSolution
		HideSolutionNode = FALSE
	EndGlobalSection
	GlobalSection(ExtensibilityGlobals) = postSolution
		SolutionGuid = {C7E40260-3843-4AEA-B180-2813DB4B618F}
	EndGlobalSection
EndGlobal
